
Microsoft Visual Studio Solution File, Format Version 12.00
# Visual Studio Version 16
VisualStudioVersion = 16.0.29519.87
MinimumVisualStudioVersion = 10.0.40219.1
Project("{FAE04EC0-301F-11D3-BF4B-00C04F79EFBC}") = "DataStructuresPractice", "DataStructuresPractice.csproj", "{84D1F120-7CE7-49B7-9D48-25AFF0258DD3}"
EndProject
Global
	GlobalSection(SolutionConfigurationPlatforms) = preSolution
		Debug|Any CPU = Debug|Any CPU
		Release|Any CPU = Release|Any CPU
	EndGlobalSection
	GlobalSection(ProjectConfigurationPlatforms) = postSolution
		{84D1F120-7CE7-49B7-9D48-25AFF0258DD3}.Debug|Any CPU.ActiveCfg = Debug|Any CPU
		{84D1F120-7CE7-49B7-9D48-25AFF0258DD3}.Debug|Any CPU.Build.0 = Debug|Any CPU
		{84D1F120-7CE7-49B7-9D48-25AFF0258DD3}.Release|Any CPU.ActiveCfg = Release|Any CPU
		{84D1F120-7CE7-49B7-9D48-25AFF0258DD3}.Release|Any CPU.Build.0 = Release|Any CPU
	EndGlobalSection
	GlobalSection(SolutionProperties) = preSolution
		HideSolutionNode = FALSE
	EndGlobalSection
	GlobalSection(ExtensibilityGlobals) = postSolution
		SolutionGuid = {0C659F38-FE87-411C-87BB-E9198E6F871E}
	EndGlobalSection
EndGlobal
